
Microsoft Visual Studio Solution File, Format Version 12.00
# Visual Studio Version 17
VisualStudioVersion = 17.12.35527.113
MinimumVisualStudioVersion = 10.0.40219.1
Project("{FAE04EC0-301F-11D3-BF4B-00C04F79EFBC}") = "BizCardKeeper.Server", "BizCardKeeper.Server\BizCardKeeper.Server.csproj", "{96C71722-075D-47FA-92DC-7F4259737D71}"
EndProject
Project("{54A90642-561A-4BB1-A94E-469ADEE60C69}") = "bizcardkeeper.client", "bizcardkeeper.client\bizcardkeeper.client.esproj", "{7175D817-60CD-4F08-BD25-2108DAFCF559}"
EndProject
Project("{FAE04EC0-301F-11D3-BF4B-00C04F79EFBC}") = "BizCardKeeper.Server.Tests", "BizCardKeeper.Server.Tests\BizCardKeeper.Server.Tests.csproj", "{E6EA985E-4F22-4756-B96F-44118A953637}"
EndProject
Global
	GlobalSection(SolutionConfigurationPlatforms) = preSolution
		Debug|Any CPU = Debug|Any CPU
		Release|Any CPU = Release|Any CPU
	EndGlobalSection
	GlobalSection(ProjectConfigurationPlatforms) = postSolution
		{96C71722-075D-47FA-92DC-7F4259737D71}.Debug|Any CPU.ActiveCfg = Debug|Any CPU
		{96C71722-075D-47FA-92DC-7F4259737D71}.Debug|Any CPU.Build.0 = Debug|Any CPU
		{96C71722-075D-47FA-92DC-7F4259737D71}.Release|Any CPU.ActiveCfg = Release|Any CPU
		{96C71722-075D-47FA-92DC-7F4259737D71}.Release|Any CPU.Build.0 = Release|Any CPU
		{7175D817-60CD-4F08-BD25-2108DAFCF559}.Debug|Any CPU.ActiveCfg = Debug|Any CPU
		{7175D817-60CD-4F08-BD25-2108DAFCF559}.Debug|Any CPU.Build.0 = Debug|Any CPU
		{7175D817-60CD-4F08-BD25-2108DAFCF559}.Debug|Any CPU.Deploy.0 = Debug|Any CPU
		{7175D817-60CD-4F08-BD25-2108DAFCF559}.Release|Any CPU.ActiveCfg = Release|Any CPU
		{7175D817-60CD-4F08-BD25-2108DAFCF559}.Release|Any CPU.Build.0 = Release|Any CPU
		{7175D817-60CD-4F08-BD25-2108DAFCF559}.Release|Any CPU.Deploy.0 = Release|Any CPU
		{E6EA985E-4F22-4756-B96F-44118A953637}.Debug|Any CPU.ActiveCfg = Debug|Any CPU
		{E6EA985E-4F22-4756-B96F-44118A953637}.Debug|Any CPU.Build.0 = Debug|Any CPU
		{E6EA985E-4F22-4756-B96F-44118A953637}.Release|Any CPU.ActiveCfg = Release|Any CPU
		{E6EA985E-4F22-4756-B96F-44118A953637}.Release|Any CPU.Build.0 = Release|Any CPU
	EndGlobalSection
	GlobalSection(SolutionProperties) = preSolution
		HideSolutionNode = FALSE
	EndGlobalSection
EndGlobal
